
Microsoft Visual Studio Solution File, Format Version 12.00
# Visual Studio Version 17
VisualStudioVersion = 17.10.35013.160
MinimumVisualStudioVersion = 10.0.40219.1
Project("{FAE04EC0-301F-11D3-BF4B-00C04F79EFBC}") = "CakeBuild", "ClaimsofCandor\CakeBuild\CakeBuild.csproj", "{DE404AC9-0FCD-49B7-8027-FDEDB3879819}"
EndProject
Project("{FAE04EC0-301F-11D3-BF4B-00C04F79EFBC}") = "ClaimsofCandor", "ClaimsofCandor\ClaimsofCandor\ClaimsofCandor.csproj", "{DEBB1295-D3E2-4F83-9DC1-A3B3C28CDEFD}"
EndProject
Global
	GlobalSection(SolutionConfigurationPlatforms) = preSolution
		Debug|Any CPU = Debug|Any CPU
		Release|Any CPU = Release|Any CPU
	EndGlobalSection
	GlobalSection(ProjectConfigurationPlatforms) = postSolution
		{DE404AC9-0FCD-49B7-8027-FDEDB3879819}.Debug|Any CPU.ActiveCfg = Debug|Any CPU
		{DE404AC9-0FCD-49B7-8027-FDEDB3879819}.Debug|Any CPU.Build.0 = Debug|Any CPU
		{DE404AC9-0FCD-49B7-8027-FDEDB3879819}.Release|Any CPU.ActiveCfg = Release|Any CPU
		{DE404AC9-0FCD-49B7-8027-FDEDB3879819}.Release|Any CPU.Build.0 = Release|Any CPU
		{DEBB1295-D3E2-4F83-9DC1-A3B3C28CDEFD}.Debug|Any CPU.ActiveCfg = Debug|Any CPU
		{DEBB1295-D3E2-4F83-9DC1-A3B3C28CDEFD}.Debug|Any CPU.Build.0 = Debug|Any CPU
		{DEBB1295-D3E2-4F83-9DC1-A3B3C28CDEFD}.Release|Any CPU.ActiveCfg = Release|Any CPU
		{DEBB1295-D3E2-4F83-9DC1-A3B3C28CDEFD}.Release|Any CPU.Build.0 = Release|Any CPU
	EndGlobalSection
	GlobalSection(SolutionProperties) = preSolution
		HideSolutionNode = FALSE
	EndGlobalSection
	GlobalSection(ExtensibilityGlobals) = postSolution
		SolutionGuid = {33E46A04-A1EC-49A4-BEE8-06FC34BFCB31}
	EndGlobalSection
EndGlobal
